
Microsoft Visual Studio Solution File, Format Version 12.00
# Visual Studio Version 17
VisualStudioVersion = 17.2.32630.192
MinimumVisualStudioVersion = 10.0.40219.1
Project("{888888A0-9F3D-457C-B088-3A5042F75D52}") = "General", "General\General.pyproj", "{8000EC10-F370-43DB-869A-3A7F9C2A077C}"
EndProject
Global
	GlobalSection(SolutionConfigurationPlatforms) = preSolution
		Debug|Any CPU = Debug|Any CPU
		Release|Any CPU = Release|Any CPU
	EndGlobalSection
	GlobalSection(ProjectConfigurationPlatforms) = postSolution
		{8000EC10-F370-43DB-869A-3A7F9C2A077C}.Debug|Any CPU.ActiveCfg = Debug|Any CPU
		{8000EC10-F370-43DB-869A-3A7F9C2A077C}.Release|Any CPU.ActiveCfg = Release|Any CPU
	EndGlobalSection
	GlobalSection(SolutionProperties) = preSolution
		HideSolutionNode = FALSE
	EndGlobalSection
	GlobalSection(ExtensibilityGlobals) = postSolution
		SolutionGuid = {307FFA5C-FB6E-4032-A44D-6C6018D441EF}
	EndGlobalSection
EndGlobal
